<?xml version="1.0" encoding="utf-8"?>
<Project ToolsVersion="4.0" xmlns="http://schemas.microsoft.com/developer/msbuild/2003">
  <ItemGroup>
    <Filter Include="Resource Files">
      <UniqueIdentifier>{1a913106-0be0-4476-b0ce-2aa855072614}</UniqueIdentifier>
      <Extensions>ico;cur;bmp;dlg;rc2;rct;bin;cnt;rtf;gif;jpg;jpeg;jpe</Extensions>
    </Filter>
    <Filter Include="MFC">
      <UniqueIdentifier>{da904ee8-7f59-4a6c-b3ff-b91b6fb6d0ea}</UniqueIdentifier>
    </Filter>
    <Filter Include="GameLibrary">
      <UniqueIdentifier>{df7aa532-3fdf-46a0-b3fc-8f5922e8d9e4}</UniqueIdentifier>
    </Filter>
    <Filter Include="MyGame">
      <UniqueIdentifier>{0c798913-b7d2-4e26-8241-0f83266cd626}</UniqueIdentifier>
    </Filter>
    <Filter Include="MyGame\MAP">
      <UniqueIdentifier>{b9f9e271-619b-42ed-9600-c8a6df35ebf8}</UniqueIdentifier>
    </Filter>
    <Filter Include="MyGame\DOOR">
      <UniqueIdentifier>{764b59fa-91c5-4928-a6d5-a75409fd86ee}</UniqueIdentifier>
    </Filter>
    <Filter Include="MyGame\CHARAERCONTROL">
      <UniqueIdentifier>{094b9117-3352-4510-b9b8-3d4a3dd0c6c4}</UniqueIdentifier>
    </Filter>
    <Filter Include="MyGame\INTERFACE">
      <UniqueIdentifier>{f8c24810-ecf1-4c4a-b706-5752228e8127}</UniqueIdentifier>
    </Filter>
    <Filter Include="MyGame\GAMEOVER">
      <UniqueIdentifier>{4c3a2d43-492c-4e6d-9301-ba69e9621925}</UniqueIdentifier>
    </Filter>
  </ItemGroup>
  <ItemGroup>
    <None Include="res\game.rc2">
      <Filter>Resource Files</Filter>
    </None>
    <None Include="RES\loading.bmp">
      <Filter>Resource Files</Filter>
    </None>
    <None Include="res\Toolbar.bmp">
      <Filter>Resource Files</Filter>
    </None>
  </ItemGroup>
  <ItemGroup>
    <ClCompile Include="Source\audio.cpp">
      <Filter>GameLibrary</Filter>
    </ClCompile>
    <ClCompile Include="Source\game.cpp">
      <Filter>MFC</Filter>
    </ClCompile>
    <ClCompile Include="Source\gameDoc.cpp">
      <Filter>MFC</Filter>
    </ClCompile>
    <ClCompile Include="Source\gamelib.cpp">
      <Filter>GameLibrary</Filter>
    </ClCompile>
    <ClCompile Include="Source\gameView.cpp">
      <Filter>MFC</Filter>
    </ClCompile>
    <ClCompile Include="Source\MainFrm.cpp">
      <Filter>MFC</Filter>
    </ClCompile>
    <ClCompile Include="Source\StdAfx.cpp">
      <Filter>MFC</Filter>
    </ClCompile>
    <ClCompile Include="Source\mygame.cpp">
      <Filter>MyGame</Filter>
    </ClCompile>
    <ClCompile Include="Source\CAmap.cpp">
      <Filter>MyGame\MAP</Filter>
    </ClCompile>
    <ClCompile Include="Source\CDmap.cpp">
      <Filter>MyGame\MAP</Filter>
    </ClCompile>
    <ClCompile Include="Source\CNmap.cpp">
      <Filter>MyGame\MAP</Filter>
    </ClCompile>
    <ClCompile Include="Source\CPmap.cpp">
      <Filter>MyGame\MAP</Filter>
    </ClCompile>
    <ClCompile Include="Source\CADoor.cpp">
      <Filter>MyGame\DOOR</Filter>
    </ClCompile>
    <ClCompile Include="Source\CDDoor.cpp">
      <Filter>MyGame\DOOR</Filter>
    </ClCompile>
    <ClCompile Include="Source\CDoor.cpp">
      <Filter>MyGame\DOOR</Filter>
    </ClCompile>
    <ClCompile Include="Source\CPDoor.cpp">
      <Filter>MyGame\DOOR</Filter>
    </ClCompile>
    <ClCompile Include="Source\CNDoor.cpp">
      <Filter>MyGame\DOOR</Filter>
    </ClCompile>
    <ClCompile Include="Source\CCharaterCtrol.cpp">
      <Filter>MyGame\CHARAERCONTROL</Filter>
    </ClCompile>
    <ClCompile Include="Source\CAttack.cpp">
      <Filter>MyGame\CHARAERCONTROL</Filter>
    </ClCompile>
    <ClCompile Include="Source\CInterface.cpp">
      <Filter>MyGame\INTERFACE</Filter>
    </ClCompile>
    <ClCompile Include="Source\CGamemap.cpp">
      <Filter>MyGame\MAP</Filter>
    </ClCompile>
    <ClCompile Include="Source\CEnemy.cpp">
      <Filter>MyGame\CHARAERCONTROL</Filter>
    </ClCompile>
    <ClCompile Include="Source\CEnemy2.cpp">
      <Filter>MyGame\CHARAERCONTROL</Filter>
    </ClCompile>
    <ClCompile Include="Source\CEnemy3.cpp">
      <Filter>MyGame\CHARAERCONTROL</Filter>
    </ClCompile>
    <ClCompile Include="Source\CEnemy1.cpp">
      <Filter>MyGame\CHARAERCONTROL</Filter>
    </ClCompile>
    <ClCompile Include="Source\CBoss.cpp">
      <Filter>MyGame\CHARAERCONTROL</Filter>
    </ClCompile>
    <ClCompile Include="Source\CGameOver.cpp">
      <Filter>MyGame\GAMEOVER</Filter>
    </ClCompile>
  </ItemGroup>
  <ItemGroup>
    <ClInclude Include="Source\audio.h">
      <Filter>GameLibrary</Filter>
    </ClInclude>
    <ClInclude Include="Source\game.h">
      <Filter>MFC</Filter>
    </ClInclude>
    <ClInclude Include="Source\gameDoc.h">
      <Filter>MFC</Filter>
    </ClInclude>
    <ClInclude Include="Source\gamelib.h">
      <Filter>GameLibrary</Filter>
    </ClInclude>
    <ClInclude Include="Source\gameView.h">
      <Filter>MFC</Filter>
    </ClInclude>
    <ClInclude Include="Source\MainFrm.h">
      <Filter>MFC</Filter>
    </ClInclude>
    <ClInclude Include="Source\Resource.h">
      <Filter>MFC</Filter>
    </ClInclude>
    <ClInclude Include="Source\StdAfx.h">
      <Filter>MFC</Filter>
    </ClInclude>
    <ClInclude Include="Source\mygame.h">
      <Filter>MyGame</Filter>
    </ClInclude>
    <ClInclude Include="Source\CAmap.h">
      <Filter>MyGame\MAP</Filter>
    </ClInclude>
    <ClInclude Include="Source\CDmap.h">
      <Filter>MyGame\MAP</Filter>
    </ClInclude>
    <ClInclude Include="Source\CNmap.h">
      <Filter>MyGame\MAP</Filter>
    </ClInclude>
    <ClInclude Include="Source\CPmap.h">
      <Filter>MyGame\MAP</Filter>
    </ClInclude>
    <ClInclude Include="Source\CADoor.h">
      <Filter>MyGame\DOOR</Filter>
    </ClInclude>
    <ClInclude Include="Source\CDDoor.h">
      <Filter>MyGame\DOOR</Filter>
    </ClInclude>
    <ClInclude Include="Source\CDoor.h">
      <Filter>MyGame\DOOR</Filter>
    </ClInclude>
    <ClInclude Include="Source\CPDoor.h">
      <Filter>MyGame\DOOR</Filter>
    </ClInclude>
    <ClInclude Include="Source\CNDoor.h">
      <Filter>MyGame\DOOR</Filter>
    </ClInclude>
    <ClInclude Include="Source\CCharaterCtrol.h">
      <Filter>MyGame\CHARAERCONTROL</Filter>
    </ClInclude>
    <ClInclude Include="Source\CAttack.h">
      <Filter>MyGame\CHARAERCONTROL</Filter>
    </ClInclude>
    <ClInclude Include="Source\CInterface.h">
      <Filter>MyGame\INTERFACE</Filter>
    </ClInclude>
    <ClInclude Include="Source\CGamemap.h">
      <Filter>MyGame\MAP</Filter>
    </ClInclude>
    <ClInclude Include="Source\CEnemy.h">
      <Filter>MyGame\CHARAERCONTROL</Filter>
    </ClInclude>
    <ClInclude Include="Source\CEnemy2.h">
      <Filter>MyGame\CHARAERCONTROL</Filter>
    </ClInclude>
    <ClInclude Include="Source\CEnemy3.h">
      <Filter>MyGame\CHARAERCONTROL</Filter>
    </ClInclude>
    <ClInclude Include="Source\CEnemy1.h">
      <Filter>MyGame\CHARAERCONTROL</Filter>
    </ClInclude>
    <ClInclude Include="Source\CBoss.h">
      <Filter>MyGame\CHARAERCONTROL</Filter>
    </ClInclude>
    <ClInclude Include="Source\CGameOver.h">
      <Filter>MyGame\GAMEOVER</Filter>
    </ClInclude>
  </ItemGroup>
  <ItemGroup>
    <ResourceCompile Include="Source\game.rc">
      <Filter>MFC</Filter>
    </ResourceCompile>
  </ItemGroup>
  <ItemGroup>
    <Image Include="..\game4.10\RES\GAME.ICO">
      <Filter>Resource Files</Filter>
    </Image>
  </ItemGroup>
</Project>